
Microsoft Visual Studio Solution File, Format Version 12.00
# Visual Studio Version 16
VisualStudioVersion = 16.0.29411.108
MinimumVisualStudioVersion = 10.0.40219.1
Project("{9A19103F-16F7-4668-BE54-9A1E7A4F7556}") = "Lab_001", "Lab_01\Lab_001.csproj", "{E3702028-19AD-4E41-94B5-CC5F93DE7763}"
EndProject
Project("{9A19103F-16F7-4668-BE54-9A1E7A4F7556}") = "Lab_002_OOP_Mammals_With_Interfaces", "Lab_002_OOP_Mammals_With_Interfaces\Lab_002_OOP_Mammals_With_Interfaces.csproj", "{1B102E69-3AE8-4564-9FB2-7AB8A791D8B4}"
EndProject
Project("{9A19103F-16F7-4668-BE54-9A1E7A4F7556}") = "Lab_003_OOP_Concepts", "Lab_003_OOP_Concepts\Lab_003_OOP_Concepts.csproj", "{949D3AE6-66CC-49EF-AFF0-90032841FFE0}"
EndProject
Project("{FAE04EC0-301F-11D3-BF4B-00C04F79EFBC}") = "Lab_004_Connect_To_SQL", "Lab_004_Connect_To_SQL\Lab_004_Connect_To_SQL.csproj", "{B7C729CF-319A-4EDC-9B0F-3140CAA10FE6}"
EndProject
Project("{9A19103F-16F7-4668-BE54-9A1E7A4F7556}") = "Lab_006_Rabbits", "Lab_006_Rabbits\Lab_006_Rabbits.csproj", "{A4711165-5DB5-408C-A768-7F3BE009BEC0}"
EndProject
Project("{9A19103F-16F7-4668-BE54-9A1E7A4F7556}") = "Lab_007_NorthwindSqlite", "Lab_007_NorthwindSqlite\Lab_007_NorthwindSqlite.csproj", "{890BB7EC-59FC-4796-9C9D-B20ED28B6227}"
EndProject
Project("{9A19103F-16F7-4668-BE54-9A1E7A4F7556}") = "Lab_008_TDD_Collections", "Lab_008_TDD_Collections\Lab_008_TDD_Collections.csproj", "{1C2E8549-2908-459C-AC02-BF2FA8C1CA58}"
EndProject
Project("{9A19103F-16F7-4668-BE54-9A1E7A4F7556}") = "Lab_008_NUnit_Test", "Lab_008_NUnit_Test\Lab_008_NUnit_Test.csproj", "{C6413FDB-7DBA-4911-862E-4F45617DE58D}"
EndProject
Project("{9A19103F-16F7-4668-BE54-9A1E7A4F7556}") = "NUnit_Tests", "NUnit_Tests\NUnit_Tests.csproj", "{77620075-5DA5-4A43-BF93-FE1FDAEF8FC9}"
EndProject
Project("{9A19103F-16F7-4668-BE54-9A1E7A4F7556}") = "Lab_009_Rabbit_Tests", "Lab_009_Rabbit_Tests\Lab_009_Rabbit_Tests.csproj", "{5E0D51F4-E3B7-42FF-A234-3974A8DC7415}"
EndProject
Project("{9A19103F-16F7-4668-BE54-9A1E7A4F7556}") = "Lab_010_Events", "Lab_010_Events\Lab_010_Events.csproj", "{321F4471-B460-48C9-8791-6615B78AB678}"
EndProject
Project("{9A19103F-16F7-4668-BE54-9A1E7A4F7556}") = "ASP_Hello_World", "ASP_Hello_World\ASP_Hello_World.csproj", "{99249AB2-966B-4A8A-8EAE-599AFBB88DCD}"
EndProject
Project("{FAE04EC0-301F-11D3-BF4B-00C04F79EFBC}") = "LAB_009_RabbitTests", "LAB_009_RabbitTests\LAB_009_RabbitTests.csproj", "{F40E7C85-4262-4FD3-B58B-5C8D2D664B6E}"
EndProject
Project("{9A19103F-16F7-4668-BE54-9A1E7A4F7556}") = "Lab_009_RabbitTesting", "Lab_009_RabbitTesting\Lab_009_RabbitTesting.csproj", "{E92710DB-CB04-4B66-A851-2EBB2F2F3CF4}"
EndProject
Project("{FAE04EC0-301F-11D3-BF4B-00C04F79EFBC}") = "Lab_013_ToDoApplication", "Lab_013_ToDoApplication\Lab_013_ToDoApplication.csproj", "{714ABBF3-40FD-4E2F-A044-07DE7EC974CD}"
EndProject
Project("{FAE04EC0-301F-11D3-BF4B-00C04F79EFBC}") = "SandwichApp", "SandwichApp\SandwichApp.csproj", "{C3518956-CCCF-4B8B-93FF-155B3C877943}"
EndProject
Project("{9A19103F-16F7-4668-BE54-9A1E7A4F7556}") = "LAB_014_LINQ", "LAB_014_LINQ\LAB_014_LINQ.csproj", "{27096B2A-E25F-409B-9F16-D6E1E5ABCEA7}"
EndProject
Project("{9A19103F-16F7-4668-BE54-9A1E7A4F7556}") = "LAB_15_Tasks", "LAB_15_Tasks\LAB_15_Tasks.csproj", "{5CA9957C-B938-461D-B9F5-A17F22F705E9}"
EndProject
Project("{9A19103F-16F7-4668-BE54-9A1E7A4F7556}") = "LAB_16_TASKS", "LAB_16_TASKS\LAB_16_TASKS.csproj", "{3252AB72-318F-47F4-8F9D-AD8BCFA80044}"
EndProject
Project("{FAE04EC0-301F-11D3-BF4B-00C04F79EFBC}") = "Lab_17_NorthwindTests", "Lab_17_NorthwindTests\Lab_17_NorthwindTests.csproj", "{7A60E77E-0DDF-483C-86E3-9F9D4EED13FF}"
EndProject
Project("{9A19103F-16F7-4668-BE54-9A1E7A4F7556}") = "Lab_17_NwindTests", "Lab_17_NwindTests\Lab_17_NwindTests.csproj", "{C200537B-3042-4F3E-87E8-9454330B5BB9}"
EndProject
Project("{9A19103F-16F7-4668-BE54-9A1E7A4F7556}") = "ConsoleApp1", "ConsoleApp1\ConsoleApp1.csproj", "{97982390-851D-4B91-A361-F465175E18A0}"
EndProject
Project("{9A19103F-16F7-4668-BE54-9A1E7A4F7556}") = "Lab_018_Streaming", "Lab_018_Streaming\Lab_018_Streaming.csproj", "{39C7C824-11F6-4E15-A787-1F333DD1C5E1}"
EndProject
Project("{9A19103F-16F7-4668-BE54-9A1E7A4F7556}") = "Lab_019_http", "Lab_019_http\Lab_019_http.csproj", "{3EA3AD8D-133F-4B50-BE37-4C56DF3829C0}"
EndProject
Project("{9A19103F-16F7-4668-BE54-9A1E7A4F7556}") = "Lab_020_NwindProducts", "Lab_020_NwindProducts\Lab_020_NwindProducts.csproj", "{3C20810B-221F-4C27-A58E-8F6225667889}"
EndProject
Project("{9A19103F-16F7-4668-BE54-9A1E7A4F7556}") = "Lab_21_AwaitAsync", "Lab_21_AwaitAsync\Lab_21_AwaitAsync.csproj", "{F597FCB9-2736-415C-8792-478DA1141322}"
EndProject
Project("{9A19103F-16F7-4668-BE54-9A1E7A4F7556}") = "Lab_22_Serialization", "Lab_22_Serialization\Lab_22_Serialization.csproj", "{4E4840C1-ABE0-4B3B-8E66-17FA2146F25C}"
EndProject
Project("{9A19103F-16F7-4668-BE54-9A1E7A4F7556}") = "Lab_23_JSON", "Lab_23_JSON\Lab_23_JSON.csproj", "{C975D164-F46E-40A5-9063-A07AA7D4D80D}"
EndProject
Project("{9A19103F-16F7-4668-BE54-9A1E7A4F7556}") = "Lab_24_SerializeBinary", "Lab_24_SerializeBinary\Lab_24_SerializeBinary.csproj", "{48AF2659-56B8-4739-8B4A-27863B3D1EFC}"
EndProject
Project("{FAE04EC0-301F-11D3-BF4B-00C04F79EFBC}") = "Demo_API_Northwind", "Demo_API_Northwind\Demo_API_Northwind.csproj", "{B3F90DA3-FE1F-42D5-86D8-CD1AD137A30C}"
EndProject
Project("{FAE04EC0-301F-11D3-BF4B-00C04F79EFBC}") = "Lab_25_FirstWebsite", "Lab_25_FirstWebsite\Lab_25_FirstWebsite.csproj", "{F0AF42DA-A767-4231-BBF9-B3C71E3D6AE5}"
EndProject
Project("{9A19103F-16F7-4668-BE54-9A1E7A4F7556}") = "Lab_27_MVC_Core-OLD", "Lab_27_MVC_Core\Lab_27_MVC_Core-OLD.csproj", "{C053EB64-9C7B-4CE6-BAF4-51CB561A3F48}"
EndProject
Project("{9A19103F-16F7-4668-BE54-9A1E7A4F7556}") = "Lab_28_Fibonacci", "Lab_28_Fibonacci\Lab_28_Fibonacci.csproj", "{D06E5B10-5E0B-43EE-9E08-3FF00B566419}"
EndProject
Project("{9A19103F-16F7-4668-BE54-9A1E7A4F7556}") = "Lab_28_FibonacciTests", "Lab_28_FibonacciTests\Lab_28_FibonacciTests.csproj", "{75334DD1-BF22-4459-86C2-25B107AAE9E0}"
EndProject
Project("{9A19103F-16F7-4668-BE54-9A1E7A4F7556}") = "Lab_29_SimpsonsRule", "Lab_29_SimpsonsRule\Lab_29_SimpsonsRule.csproj", "{DC1794F0-E5FA-462A-8B97-E744BC22EF5A}"
EndProject
Project("{9A19103F-16F7-4668-BE54-9A1E7A4F7556}") = "Lab_29_SimpsonsRuleTests", "Lab_29_SimpsonsRuleTests\Lab_29_SimpsonsRuleTests.csproj", "{C8520075-623A-4FB0-A11B-3C4E5B6E03C9}"
EndProject
Project("{9A19103F-16F7-4668-BE54-9A1E7A4F7556}") = "Lab_29_SimpsonsTest", "Lab_29_SimpsonsTest\Lab_29_SimpsonsTest.csproj", "{264C9051-E5CF-4CA5-A4A4-66A1F35944B4}"
EndProject
Project("{9A19103F-16F7-4668-BE54-9A1E7A4F7556}") = "Lab_29_SimpsonsRuleTest", "Lab_29_SimpsonsRuleTest\Lab_29_SimpsonsRuleTest.csproj", "{C1F7FA5A-0F5D-4979-8E15-C5E328CC172A}"
EndProject
Project("{FAE04EC0-301F-11D3-BF4B-00C04F79EFBC}") = "Lab_32_MVC_App", "Lab_32_MVC_App\Lab_32_MVC_App.csproj", "{3338BF4E-5986-4296-BFDA-A846AD13D8CA}"
EndProject
Project("{FAE04EC0-301F-11D3-BF4B-00C04F79EFBC}") = "Lab_32_MVC_Application", "Lab_32_MVC_Application\Lab_32_MVC_Application.csproj", "{779145F3-E8A6-4242-B2F2-E083935B85EB}"
EndProject
Global
	GlobalSection(SolutionConfigurationPlatforms) = preSolution
		Debug|Any CPU = Debug|Any CPU
		Release|Any CPU = Release|Any CPU
	EndGlobalSection
	GlobalSection(ProjectConfigurationPlatforms) = postSolution
		{E3702028-19AD-4E41-94B5-CC5F93DE7763}.Debug|Any CPU.ActiveCfg = Debug|Any CPU
		{E3702028-19AD-4E41-94B5-CC5F93DE7763}.Debug|Any CPU.Build.0 = Debug|Any CPU
		{E3702028-19AD-4E41-94B5-CC5F93DE7763}.Release|Any CPU.ActiveCfg = Release|Any CPU
		{E3702028-19AD-4E41-94B5-CC5F93DE7763}.Release|Any CPU.Build.0 = Release|Any CPU
		{1B102E69-3AE8-4564-9FB2-7AB8A791D8B4}.Debug|Any CPU.ActiveCfg = Debug|Any CPU
		{1B102E69-3AE8-4564-9FB2-7AB8A791D8B4}.Debug|Any CPU.Build.0 = Debug|Any CPU
		{1B102E69-3AE8-4564-9FB2-7AB8A791D8B4}.Release|Any CPU.ActiveCfg = Release|Any CPU
		{1B102E69-3AE8-4564-9FB2-7AB8A791D8B4}.Release|Any CPU.Build.0 = Release|Any CPU
		{949D3AE6-66CC-49EF-AFF0-90032841FFE0}.Debug|Any CPU.ActiveCfg = Debug|Any CPU
		{949D3AE6-66CC-49EF-AFF0-90032841FFE0}.Debug|Any CPU.Build.0 = Debug|Any CPU
		{949D3AE6-66CC-49EF-AFF0-90032841FFE0}.Release|Any CPU.ActiveCfg = Release|Any CPU
		{949D3AE6-66CC-49EF-AFF0-90032841FFE0}.Release|Any CPU.Build.0 = Release|Any CPU
		{B7C729CF-319A-4EDC-9B0F-3140CAA10FE6}.Debug|Any CPU.ActiveCfg = Debug|Any CPU
		{B7C729CF-319A-4EDC-9B0F-3140CAA10FE6}.Debug|Any CPU.Build.0 = Debug|Any CPU
		{B7C729CF-319A-4EDC-9B0F-3140CAA10FE6}.Release|Any CPU.ActiveCfg = Release|Any CPU
		{B7C729CF-319A-4EDC-9B0F-3140CAA10FE6}.Release|Any CPU.Build.0 = Release|Any CPU
		{A4711165-5DB5-408C-A768-7F3BE009BEC0}.Debug|Any CPU.ActiveCfg = Debug|Any CPU
		{A4711165-5DB5-408C-A768-7F3BE009BEC0}.Debug|Any CPU.Build.0 = Debug|Any CPU
		{A4711165-5DB5-408C-A768-7F3BE009BEC0}.Release|Any CPU.ActiveCfg = Release|Any CPU
		{A4711165-5DB5-408C-A768-7F3BE009BEC0}.Release|Any CPU.Build.0 = Release|Any CPU
		{890BB7EC-59FC-4796-9C9D-B20ED28B6227}.Debug|Any CPU.ActiveCfg = Debug|Any CPU
		{890BB7EC-59FC-4796-9C9D-B20ED28B6227}.Debug|Any CPU.Build.0 = Debug|Any CPU
		{890BB7EC-59FC-4796-9C9D-B20ED28B6227}.Release|Any CPU.ActiveCfg = Release|Any CPU
		{890BB7EC-59FC-4796-9C9D-B20ED28B6227}.Release|Any CPU.Build.0 = Release|Any CPU
		{1C2E8549-2908-459C-AC02-BF2FA8C1CA58}.Debug|Any CPU.ActiveCfg = Debug|Any CPU
		{1C2E8549-2908-459C-AC02-BF2FA8C1CA58}.Debug|Any CPU.Build.0 = Debug|Any CPU
		{1C2E8549-2908-459C-AC02-BF2FA8C1CA58}.Release|Any CPU.ActiveCfg = Release|Any CPU
		{1C2E8549-2908-459C-AC02-BF2FA8C1CA58}.Release|Any CPU.Build.0 = Release|Any CPU
		{C6413FDB-7DBA-4911-862E-4F45617DE58D}.Debug|Any CPU.ActiveCfg = Debug|Any CPU
		{C6413FDB-7DBA-4911-862E-4F45617DE58D}.Debug|Any CPU.Build.0 = Debug|Any CPU
		{C6413FDB-7DBA-4911-862E-4F45617DE58D}.Release|Any CPU.ActiveCfg = Release|Any CPU
		{C6413FDB-7DBA-4911-862E-4F45617DE58D}.Release|Any CPU.Build.0 = Release|Any CPU
		{77620075-5DA5-4A43-BF93-FE1FDAEF8FC9}.Debug|Any CPU.ActiveCfg = Debug|Any CPU
		{77620075-5DA5-4A43-BF93-FE1FDAEF8FC9}.Debug|Any CPU.Build.0 = Debug|Any CPU
		{77620075-5DA5-4A43-BF93-FE1FDAEF8FC9}.Release|Any CPU.ActiveCfg = Release|Any CPU
		{77620075-5DA5-4A43-BF93-FE1FDAEF8FC9}.Release|Any CPU.Build.0 = Release|Any CPU
		{5E0D51F4-E3B7-42FF-A234-3974A8DC7415}.Debug|Any CPU.ActiveCfg = Debug|Any CPU
		{5E0D51F4-E3B7-42FF-A234-3974A8DC7415}.Debug|Any CPU.Build.0 = Debug|Any CPU
		{5E0D51F4-E3B7-42FF-A234-3974A8DC7415}.Release|Any CPU.ActiveCfg = Release|Any CPU
		{5E0D51F4-E3B7-42FF-A234-3974A8DC7415}.Release|Any CPU.Build.0 = Release|Any CPU
		{321F4471-B460-48C9-8791-6615B78AB678}.Debug|Any CPU.ActiveCfg = Debug|Any CPU
		{321F4471-B460-48C9-8791-6615B78AB678}.Debug|Any CPU.Build.0 = Debug|Any CPU
		{321F4471-B460-48C9-8791-6615B78AB678}.Release|Any CPU.ActiveCfg = Release|Any CPU
		{321F4471-B460-48C9-8791-6615B78AB678}.Release|Any CPU.Build.0 = Release|Any CPU
		{99249AB2-966B-4A8A-8EAE-599AFBB88DCD}.Debug|Any CPU.ActiveCfg = Debug|Any CPU
		{99249AB2-966B-4A8A-8EAE-599AFBB88DCD}.Debug|Any CPU.Build.0 = Debug|Any CPU
		{99249AB2-966B-4A8A-8EAE-599AFBB88DCD}.Release|Any CPU.ActiveCfg = Release|Any CPU
		{99249AB2-966B-4A8A-8EAE-599AFBB88DCD}.Release|Any CPU.Build.0 = Release|Any CPU
		{F40E7C85-4262-4FD3-B58B-5C8D2D664B6E}.Debug|Any CPU.ActiveCfg = Debug|Any CPU
		{F40E7C85-4262-4FD3-B58B-5C8D2D664B6E}.Debug|Any CPU.Build.0 = Debug|Any CPU
		{F40E7C85-4262-4FD3-B58B-5C8D2D664B6E}.Release|Any CPU.ActiveCfg = Release|Any CPU
		{F40E7C85-4262-4FD3-B58B-5C8D2D664B6E}.Release|Any CPU.Build.0 = Release|Any CPU
		{E92710DB-CB04-4B66-A851-2EBB2F2F3CF4}.Debug|Any CPU.ActiveCfg = Debug|Any CPU
		{E92710DB-CB04-4B66-A851-2EBB2F2F3CF4}.Debug|Any CPU.Build.0 = Debug|Any CPU
		{E92710DB-CB04-4B66-A851-2EBB2F2F3CF4}.Release|Any CPU.ActiveCfg = Release|Any CPU
		{E92710DB-CB04-4B66-A851-2EBB2F2F3CF4}.Release|Any CPU.Build.0 = Release|Any CPU
		{714ABBF3-40FD-4E2F-A044-07DE7EC974CD}.Debug|Any CPU.ActiveCfg = Debug|Any CPU
		{714ABBF3-40FD-4E2F-A044-07DE7EC974CD}.Debug|Any CPU.Build.0 = Debug|Any CPU
		{714ABBF3-40FD-4E2F-A044-07DE7EC974CD}.Release|Any CPU.ActiveCfg = Release|Any CPU
		{714ABBF3-40FD-4E2F-A044-07DE7EC974CD}.Release|Any CPU.Build.0 = Release|Any CPU
		{C3518956-CCCF-4B8B-93FF-155B3C877943}.Debug|Any CPU.ActiveCfg = Debug|Any CPU
		{C3518956-CCCF-4B8B-93FF-155B3C877943}.Debug|Any CPU.Build.0 = Debug|Any CPU
		{C3518956-CCCF-4B8B-93FF-155B3C877943}.Release|Any CPU.ActiveCfg = Release|Any CPU
		{C3518956-CCCF-4B8B-93FF-155B3C877943}.Release|Any CPU.Build.0 = Release|Any CPU
		{27096B2A-E25F-409B-9F16-D6E1E5ABCEA7}.Debug|Any CPU.ActiveCfg = Debug|Any CPU
		{27096B2A-E25F-409B-9F16-D6E1E5ABCEA7}.Debug|Any CPU.Build.0 = Debug|Any CPU
		{27096B2A-E25F-409B-9F16-D6E1E5ABCEA7}.Release|Any CPU.ActiveCfg = Release|Any CPU
		{27096B2A-E25F-409B-9F16-D6E1E5ABCEA7}.Release|Any CPU.Build.0 = Release|Any CPU
		{5CA9957C-B938-461D-B9F5-A17F22F705E9}.Debug|Any CPU.ActiveCfg = Debug|Any CPU
		{5CA9957C-B938-461D-B9F5-A17F22F705E9}.Debug|Any CPU.Build.0 = Debug|Any CPU
		{5CA9957C-B938-461D-B9F5-A17F22F705E9}.Release|Any CPU.ActiveCfg = Release|Any CPU
		{5CA9957C-B938-461D-B9F5-A17F22F705E9}.Release|Any CPU.Build.0 = Release|Any CPU
		{3252AB72-318F-47F4-8F9D-AD8BCFA80044}.Debug|Any CPU.ActiveCfg = Debug|Any CPU
		{3252AB72-318F-47F4-8F9D-AD8BCFA80044}.Debug|Any CPU.Build.0 = Debug|Any CPU
		{3252AB72-318F-47F4-8F9D-AD8BCFA80044}.Release|Any CPU.ActiveCfg = Release|Any CPU
		{3252AB72-318F-47F4-8F9D-AD8BCFA80044}.Release|Any CPU.Build.0 = Release|Any CPU
		{7A60E77E-0DDF-483C-86E3-9F9D4EED13FF}.Debug|Any CPU.ActiveCfg = Debug|Any CPU
		{7A60E77E-0DDF-483C-86E3-9F9D4EED13FF}.Debug|Any CPU.Build.0 = Debug|Any CPU
		{7A60E77E-0DDF-483C-86E3-9F9D4EED13FF}.Release|Any CPU.ActiveCfg = Release|Any CPU
		{7A60E77E-0DDF-483C-86E3-9F9D4EED13FF}.Release|Any CPU.Build.0 = Release|Any CPU
		{C200537B-3042-4F3E-87E8-9454330B5BB9}.Debug|Any CPU.ActiveCfg = Debug|Any CPU
		{C200537B-3042-4F3E-87E8-9454330B5BB9}.Debug|Any CPU.Build.0 = Debug|Any CPU
		{C200537B-3042-4F3E-87E8-9454330B5BB9}.Release|Any CPU.ActiveCfg = Release|Any CPU
		{C200537B-3042-4F3E-87E8-9454330B5BB9}.Release|Any CPU.Build.0 = Release|Any CPU
		{97982390-851D-4B91-A361-F465175E18A0}.Debug|Any CPU.ActiveCfg = Debug|Any CPU
		{97982390-851D-4B91-A361-F465175E18A0}.Debug|Any CPU.Build.0 = Debug|Any CPU
		{97982390-851D-4B91-A361-F465175E18A0}.Release|Any CPU.ActiveCfg = Release|Any CPU
		{97982390-851D-4B91-A361-F465175E18A0}.Release|Any CPU.Build.0 = Release|Any CPU
		{39C7C824-11F6-4E15-A787-1F333DD1C5E1}.Debug|Any CPU.ActiveCfg = Debug|Any CPU
		{39C7C824-11F6-4E15-A787-1F333DD1C5E1}.Debug|Any CPU.Build.0 = Debug|Any CPU
		{39C7C824-11F6-4E15-A787-1F333DD1C5E1}.Release|Any CPU.ActiveCfg = Release|Any CPU
		{39C7C824-11F6-4E15-A787-1F333DD1C5E1}.Release|Any CPU.Build.0 = Release|Any CPU
		{3EA3AD8D-133F-4B50-BE37-4C56DF3829C0}.Debug|Any CPU.ActiveCfg = Debug|Any CPU
		{3EA3AD8D-133F-4B50-BE37-4C56DF3829C0}.Debug|Any CPU.Build.0 = Debug|Any CPU
		{3EA3AD8D-133F-4B50-BE37-4C56DF3829C0}.Release|Any CPU.ActiveCfg = Release|Any CPU
		{3EA3AD8D-133F-4B50-BE37-4C56DF3829C0}.Release|Any CPU.Build.0 = Release|Any CPU
		{3C20810B-221F-4C27-A58E-8F6225667889}.Debug|Any CPU.ActiveCfg = Debug|Any CPU
		{3C20810B-221F-4C27-A58E-8F6225667889}.Debug|Any CPU.Build.0 = Debug|Any CPU
		{3C20810B-221F-4C27-A58E-8F6225667889}.Release|Any CPU.ActiveCfg = Release|Any CPU
		{3C20810B-221F-4C27-A58E-8F6225667889}.Release|Any CPU.Build.0 = Release|Any CPU
		{F597FCB9-2736-415C-8792-478DA1141322}.Debug|Any CPU.ActiveCfg = Debug|Any CPU
		{F597FCB9-2736-415C-8792-478DA1141322}.Debug|Any CPU.Build.0 = Debug|Any CPU
		{F597FCB9-2736-415C-8792-478DA1141322}.Release|Any CPU.ActiveCfg = Release|Any CPU
		{F597FCB9-2736-415C-8792-478DA1141322}.Release|Any CPU.Build.0 = Release|Any CPU
		{4E4840C1-ABE0-4B3B-8E66-17FA2146F25C}.Debug|Any CPU.ActiveCfg = Debug|Any CPU
		{4E4840C1-ABE0-4B3B-8E66-17FA2146F25C}.Debug|Any CPU.Build.0 = Debug|Any CPU
		{4E4840C1-ABE0-4B3B-8E66-17FA2146F25C}.Release|Any CPU.ActiveCfg = Release|Any CPU
		{4E4840C1-ABE0-4B3B-8E66-17FA2146F25C}.Release|Any CPU.Build.0 = Release|Any CPU
		{C975D164-F46E-40A5-9063-A07AA7D4D80D}.Debug|Any CPU.ActiveCfg = Debug|Any CPU
		{C975D164-F46E-40A5-9063-A07AA7D4D80D}.Debug|Any CPU.Build.0 = Debug|Any CPU
		{C975D164-F46E-40A5-9063-A07AA7D4D80D}.Release|Any CPU.ActiveCfg = Release|Any CPU
		{C975D164-F46E-40A5-9063-A07AA7D4D80D}.Release|Any CPU.Build.0 = Release|Any CPU
		{48AF2659-56B8-4739-8B4A-27863B3D1EFC}.Debug|Any CPU.ActiveCfg = Debug|Any CPU
		{48AF2659-56B8-4739-8B4A-27863B3D1EFC}.Debug|Any CPU.Build.0 = Debug|Any CPU
		{48AF2659-56B8-4739-8B4A-27863B3D1EFC}.Release|Any CPU.ActiveCfg = Release|Any CPU
		{48AF2659-56B8-4739-8B4A-27863B3D1EFC}.Release|Any CPU.Build.0 = Release|Any CPU
		{B3F90DA3-FE1F-42D5-86D8-CD1AD137A30C}.Debug|Any CPU.ActiveCfg = Debug|Any CPU
		{B3F90DA3-FE1F-42D5-86D8-CD1AD137A30C}.Debug|Any CPU.Build.0 = Debug|Any CPU
		{B3F90DA3-FE1F-42D5-86D8-CD1AD137A30C}.Release|Any CPU.ActiveCfg = Release|Any CPU
		{B3F90DA3-FE1F-42D5-86D8-CD1AD137A30C}.Release|Any CPU.Build.0 = Release|Any CPU
		{F0AF42DA-A767-4231-BBF9-B3C71E3D6AE5}.Debug|Any CPU.ActiveCfg = Debug|Any CPU
		{F0AF42DA-A767-4231-BBF9-B3C71E3D6AE5}.Debug|Any CPU.Build.0 = Debug|Any CPU
		{F0AF42DA-A767-4231-BBF9-B3C71E3D6AE5}.Release|Any CPU.ActiveCfg = Release|Any CPU
		{F0AF42DA-A767-4231-BBF9-B3C71E3D6AE5}.Release|Any CPU.Build.0 = Release|Any CPU
		{C053EB64-9C7B-4CE6-BAF4-51CB561A3F48}.Debug|Any CPU.ActiveCfg = Debug|Any CPU
		{C053EB64-9C7B-4CE6-BAF4-51CB561A3F48}.Debug|Any CPU.Build.0 = Debug|Any CPU
		{C053EB64-9C7B-4CE6-BAF4-51CB561A3F48}.Release|Any CPU.ActiveCfg = Release|Any CPU
		{C053EB64-9C7B-4CE6-BAF4-51CB561A3F48}.Release|Any CPU.Build.0 = Release|Any CPU
		{D06E5B10-5E0B-43EE-9E08-3FF00B566419}.Debug|Any CPU.ActiveCfg = Debug|Any CPU
		{D06E5B10-5E0B-43EE-9E08-3FF00B566419}.Debug|Any CPU.Build.0 = Debug|Any CPU
		{D06E5B10-5E0B-43EE-9E08-3FF00B566419}.Release|Any CPU.ActiveCfg = Release|Any CPU
		{D06E5B10-5E0B-43EE-9E08-3FF00B566419}.Release|Any CPU.Build.0 = Release|Any CPU
		{75334DD1-BF22-4459-86C2-25B107AAE9E0}.Debug|Any CPU.ActiveCfg = Debug|Any CPU
		{75334DD1-BF22-4459-86C2-25B107AAE9E0}.Debug|Any CPU.Build.0 = Debug|Any CPU
		{75334DD1-BF22-4459-86C2-25B107AAE9E0}.Release|Any CPU.ActiveCfg = Release|Any CPU
		{75334DD1-BF22-4459-86C2-25B107AAE9E0}.Release|Any CPU.Build.0 = Release|Any CPU
		{DC1794F0-E5FA-462A-8B97-E744BC22EF5A}.Debug|Any CPU.ActiveCfg = Debug|Any CPU
		{DC1794F0-E5FA-462A-8B97-E744BC22EF5A}.Debug|Any CPU.Build.0 = Debug|Any CPU
		{DC1794F0-E5FA-462A-8B97-E744BC22EF5A}.Release|Any CPU.ActiveCfg = Release|Any CPU
		{DC1794F0-E5FA-462A-8B97-E744BC22EF5A}.Release|Any CPU.Build.0 = Release|Any CPU
		{C8520075-623A-4FB0-A11B-3C4E5B6E03C9}.Debug|Any CPU.ActiveCfg = Debug|Any CPU
		{C8520075-623A-4FB0-A11B-3C4E5B6E03C9}.Debug|Any CPU.Build.0 = Debug|Any CPU
		{C8520075-623A-4FB0-A11B-3C4E5B6E03C9}.Release|Any CPU.ActiveCfg = Release|Any CPU
		{C8520075-623A-4FB0-A11B-3C4E5B6E03C9}.Release|Any CPU.Build.0 = Release|Any CPU
		{264C9051-E5CF-4CA5-A4A4-66A1F35944B4}.Debug|Any CPU.ActiveCfg = Debug|Any CPU
		{264C9051-E5CF-4CA5-A4A4-66A1F35944B4}.Debug|Any CPU.Build.0 = Debug|Any CPU
		{264C9051-E5CF-4CA5-A4A4-66A1F35944B4}.Release|Any CPU.ActiveCfg = Release|Any CPU
		{264C9051-E5CF-4CA5-A4A4-66A1F35944B4}.Release|Any CPU.Build.0 = Release|Any CPU
		{C1F7FA5A-0F5D-4979-8E15-C5E328CC172A}.Debug|Any CPU.ActiveCfg = Debug|Any CPU
		{C1F7FA5A-0F5D-4979-8E15-C5E328CC172A}.Debug|Any CPU.Build.0 = Debug|Any CPU
		{C1F7FA5A-0F5D-4979-8E15-C5E328CC172A}.Release|Any CPU.ActiveCfg = Release|Any CPU
		{C1F7FA5A-0F5D-4979-8E15-C5E328CC172A}.Release|Any CPU.Build.0 = Release|Any CPU
		{3338BF4E-5986-4296-BFDA-A846AD13D8CA}.Debug|Any CPU.ActiveCfg = Debug|Any CPU
		{3338BF4E-5986-4296-BFDA-A846AD13D8CA}.Debug|Any CPU.Build.0 = Debug|Any CPU
		{3338BF4E-5986-4296-BFDA-A846AD13D8CA}.Release|Any CPU.ActiveCfg = Release|Any CPU
		{3338BF4E-5986-4296-BFDA-A846AD13D8CA}.Release|Any CPU.Build.0 = Release|Any CPU
		{779145F3-E8A6-4242-B2F2-E083935B85EB}.Debug|Any CPU.ActiveCfg = Debug|Any CPU
		{779145F3-E8A6-4242-B2F2-E083935B85EB}.Debug|Any CPU.Build.0 = Debug|Any CPU
		{779145F3-E8A6-4242-B2F2-E083935B85EB}.Release|Any CPU.ActiveCfg = Release|Any CPU
		{779145F3-E8A6-4242-B2F2-E083935B85EB}.Release|Any CPU.Build.0 = Release|Any CPU
	EndGlobalSection
	GlobalSection(SolutionProperties) = preSolution
		HideSolutionNode = FALSE
	EndGlobalSection
	GlobalSection(ExtensibilityGlobals) = postSolution
		SolutionGuid = {E035B66E-4519-47E9-930F-6EBC13751ACD}
	EndGlobalSection
EndGlobal
